
Microsoft Visual Studio Solution File, Format Version 12.00
# Visual Studio 14
VisualStudioVersion = 14.0.25420.1
MinimumVisualStudioVersion = 10.0.40219.1
Project("{FAE04EC0-301F-11D3-BF4B-00C04F79EFBC}") = "EternalLove2", "EternalLove2\EternalLove2.csproj", "{A1726A50-29A9-407E-8EB4-3FFBB776027D}"
EndProject
Global
	GlobalSection(SolutionConfigurationPlatforms) = preSolution
		Debug|Any CPU = Debug|Any CPU
		Release|Any CPU = Release|Any CPU
	EndGlobalSection
	GlobalSection(ProjectConfigurationPlatforms) = postSolution
		{A1726A50-29A9-407E-8EB4-3FFBB776027D}.Debug|Any CPU.ActiveCfg = Debug|Any CPU
		{A1726A50-29A9-407E-8EB4-3FFBB776027D}.Debug|Any CPU.Build.0 = Debug|Any CPU
		{A1726A50-29A9-407E-8EB4-3FFBB776027D}.Release|Any CPU.ActiveCfg = Release|Any CPU
		{A1726A50-29A9-407E-8EB4-3FFBB776027D}.Release|Any CPU.Build.0 = Release|Any CPU
	EndGlobalSection
	GlobalSection(SolutionProperties) = preSolution
		HideSolutionNode = FALSE
	EndGlobalSection
EndGlobal
